
Microsoft Visual Studio Solution File, Format Version 12.00
# Visual Studio 15
VisualStudioVersion = 15.0.27004.2005
MinimumVisualStudioVersion = 10.0.40219.1
Project("{2150E333-8FDC-42A3-9474-1A3956D46DE8}") = "Solution Items", "Solution Items", "{DAEAA850-651B-4C1D-93FE-C36C61A3D7BB}"
	ProjectSection(SolutionItems) = preProject
		build.fsx = build.fsx
		paket.dependencies = paket.dependencies
	EndProjectSection
EndProject
Project("{2150E333-8FDC-42A3-9474-1A3956D46DE8}") = "src", "src", "{09237E1E-9128-4AD7-B9E7-A77476C564DE}"
EndProject
Project("{2150E333-8FDC-42A3-9474-1A3956D46DE8}") = "test", "test", "{054F7836-14AA-4C69-88BE-4730514C2198}"
EndProject
Project("{F2A71F9B-5D33-465A-A702-920D77279786}") = "Database", "src\Database\Database.fsproj", "{E4EC59E0-A01F-4F65-B566-5AD025D2C7F6}"
EndProject
Project("{F2A71F9B-5D33-465A-A702-920D77279786}") = "DatabaseTest", "test\DatabaseTest\DatabaseTest.fsproj", "{8F60F526-B673-41FE-B584-732F82010387}"
EndProject
Global
	GlobalSection(SolutionConfigurationPlatforms) = preSolution
		Debug|Any CPU = Debug|Any CPU
		Release|Any CPU = Release|Any CPU
	EndGlobalSection
	GlobalSection(ProjectConfigurationPlatforms) = postSolution
		{E4EC59E0-A01F-4F65-B566-5AD025D2C7F6}.Debug|Any CPU.ActiveCfg = Debug|Any CPU
		{E4EC59E0-A01F-4F65-B566-5AD025D2C7F6}.Debug|Any CPU.Build.0 = Debug|Any CPU
		{E4EC59E0-A01F-4F65-B566-5AD025D2C7F6}.Release|Any CPU.ActiveCfg = Release|Any CPU
		{E4EC59E0-A01F-4F65-B566-5AD025D2C7F6}.Release|Any CPU.Build.0 = Release|Any CPU
		{8F60F526-B673-41FE-B584-732F82010387}.Debug|Any CPU.ActiveCfg = Debug|Any CPU
		{8F60F526-B673-41FE-B584-732F82010387}.Debug|Any CPU.Build.0 = Debug|Any CPU
		{8F60F526-B673-41FE-B584-732F82010387}.Release|Any CPU.ActiveCfg = Release|Any CPU
		{8F60F526-B673-41FE-B584-732F82010387}.Release|Any CPU.Build.0 = Release|Any CPU
	EndGlobalSection
	GlobalSection(SolutionProperties) = preSolution
		HideSolutionNode = FALSE
	EndGlobalSection
	GlobalSection(NestedProjects) = preSolution
		{E4EC59E0-A01F-4F65-B566-5AD025D2C7F6} = {09237E1E-9128-4AD7-B9E7-A77476C564DE}
		{8F60F526-B673-41FE-B584-732F82010387} = {054F7836-14AA-4C69-88BE-4730514C2198}
	EndGlobalSection
	GlobalSection(ExtensibilityGlobals) = postSolution
		SolutionGuid = {D32F9F93-13B1-4FD6-BB32-A827E13DA85F}
	EndGlobalSection
EndGlobal
